
Microsoft Visual Studio Solution File, Format Version 12.00
# Visual Studio Version 17
VisualStudioVersion = 17.4.33205.214
MinimumVisualStudioVersion = 10.0.40219.1
Project("{FAE04EC0-301F-11D3-BF4B-00C04F79EFBC}") = "BubbleSort", "BubbleSort\BubbleSort.csproj", "{06489808-2C96-4FE5-A29C-9AB333C9181C}"
EndProject
Global
	GlobalSection(SolutionConfigurationPlatforms) = preSolution
		Debug|Any CPU = Debug|Any CPU
		Release|Any CPU = Release|Any CPU
	EndGlobalSection
	GlobalSection(ProjectConfigurationPlatforms) = postSolution
		{06489808-2C96-4FE5-A29C-9AB333C9181C}.Debug|Any CPU.ActiveCfg = Debug|Any CPU
		{06489808-2C96-4FE5-A29C-9AB333C9181C}.Debug|Any CPU.Build.0 = Debug|Any CPU
		{06489808-2C96-4FE5-A29C-9AB333C9181C}.Release|Any CPU.ActiveCfg = Release|Any CPU
		{06489808-2C96-4FE5-A29C-9AB333C9181C}.Release|Any CPU.Build.0 = Release|Any CPU
	EndGlobalSection
	GlobalSection(SolutionProperties) = preSolution
		HideSolutionNode = FALSE
	EndGlobalSection
	GlobalSection(ExtensibilityGlobals) = postSolution
		SolutionGuid = {EFD3E8F4-72C9-4BA3-BBD6-718F47DF7270}
	EndGlobalSection
EndGlobal
